# THIS IS AN AUTOGENERATED FILE. DO NOT EDIT THIS FILE DIRECTLY.
# yarn lockfile v1


passport-http-bearer@^1.0.1:
  version "1.0.1"
  resolved "https://registry.yarnpkg.com/passport-http-bearer/-/passport-http-bearer-1.0.1.tgz#147469ea3669e2a84c6167ef99dbb77e1f0098a8"
  integrity sha512-SELQM+dOTuMigr9yu8Wo4Fm3ciFfkMq5h/ZQ8ffi4ELgZrX1xh9PlglqZdcUZ1upzJD/whVyt+YWF62s3U6Ipw==
  dependencies:
    passport-strategy "1.x.x"

passport-strategy@1.x.x:
  version "1.0.0"
  resolved "https://registry.yarnpkg.com/passport-strategy/-/passport-strategy-1.0.0.tgz#b5539aa8fc225a3d1ad179476ddf236b440f52e4"
  integrity sha512-CB97UUvDKJde2V0KDWWB3lyf6PC3FaZP7YxZ2G8OAtn9p4HI9j9JLP9qjOGZFvyl8uwNT8qM+hGnz/n16NI7oA==
